// !$*UTF8*$!
{
	archiveVersion = 1;
	classes = {
	};
	objectVersion = 50;
	objects = {

/* Begin PBXBuildFile section */
		219F1B82CA898E4A5A4678B8 /* libPods-ZChatTests.a in Frameworks */ = {isa = PBXBuildFile; fileRef = FB1D5D466A3ED9D5664EFF36 /* libPods-ZChatTests.a */; };
		4DA9B47549322087BABEDB9D /* libPods-ZChat.a in Frameworks */ = {isa = PBXBuildFile; fileRef = F72856FF7B81195C2730BB56 /* libPods-ZChat.a */; };
		E73FD8A4D8F8D4671F6E1D9A /* libPods-ZChatUITests.a in Frameworks */ = {isa = PBXBuildFile; fileRef = 2D62219C5E0FB1DC85F9E652 /* libPods-ZChatUITests.a */; };
		EAE68A5323A22D170052C8BF /* NSString+ZCBaseUrlString.m in Sources */ = {isa = PBXBuildFile; fileRef = EAE68A0323A22D170052C8BF /* NSString+ZCBaseUrlString.m */; };
		EAE68A5423A22D170052C8BF /* UIImageView+ZCImageCache.m in Sources */ = {isa = PBXBuildFile; fileRef = EAE68A0423A22D170052C8BF /* UIImageView+ZCImageCache.m */; };
		EAE68A5523A22D170052C8BF /* ZCOwnerInfoManager.m in Sources */ = {isa = PBXBuildFile; fileRef = EAE68A0523A22D170052C8BF /* ZCOwnerInfoManager.m */; };
		EAE68A5623A22D170052C8BF /* TVDataSource.m in Sources */ = {isa = PBXBuildFile; fileRef = EAE68A0823A22D170052C8BF /* TVDataSource.m */; };
		EAE68A5723A22D170052C8BF /* ZCNetworkRequest.m in Sources */ = {isa = PBXBuildFile; fileRef = EAE68A0B23A22D170052C8BF /* ZCNetworkRequest.m */; };
		EAE68A5823A22D170052C8BF /* NSArray+HYBUnicodeReadable.m in Sources */ = {isa = PBXBuildFile; fileRef = EAE68A0D23A22D170052C8BF /* NSArray+HYBUnicodeReadable.m */; };
		EAE68A5923A22D170052C8BF /* NSDictionary+HYBUnicodeReadable.m in Sources */ = {isa = PBXBuildFile; fileRef = EAE68A0E23A22D170052C8BF /* NSDictionary+HYBUnicodeReadable.m */; };
		EAE68A5A23A22D170052C8BF /* NSSet+HYBUnicodeReadable.m in Sources */ = {isa = PBXBuildFile; fileRef = EAE68A0F23A22D170052C8BF /* NSSet+HYBUnicodeReadable.m */; };
		EAE68A5B23A22D170052C8BF /* UIViewController+ZCTopViewController.m in Sources */ = {isa = PBXBuildFile; fileRef = EAE68A1723A22D170052C8BF /* UIViewController+ZCTopViewController.m */; };
		EAE68A5C23A22D170052C8BF /* ZCChatViewController.m in Sources */ = {isa = PBXBuildFile; fileRef = EAE68A1D23A22D170052C8BF /* ZCChatViewController.m */; };
		EAE68A5D23A22D170052C8BF /* ZCChatHeaderView.m in Sources */ = {isa = PBXBuildFile; fileRef = EAE68A1E23A22D170052C8BF /* ZCChatHeaderView.m */; };
		EAE68A5E23A22D170052C8BF /* Assets.xcassets in Resources */ = {isa = PBXBuildFile; fileRef = EAE68A1F23A22D170052C8BF /* Assets.xcassets */; };
		EAE68A5F23A22D170052C8BF /* ViewController.m in Sources */ = {isa = PBXBuildFile; fileRef = EAE68A2023A22D170052C8BF /* ViewController.m */; };
		EAE68A6023A22D170052C8BF /* LaunchScreen.storyboard in Resources */ = {isa = PBXBuildFile; fileRef = EAE68A2123A22D170052C8BF /* LaunchScreen.storyboard */; };
		EAE68A6123A22D170052C8BF /* Main.storyboard in Resources */ = {isa = PBXBuildFile; fileRef = EAE68A2323A22D170052C8BF /* Main.storyboard */; };
		EAE68A6223A22D170052C8BF /* ZCCacheManager.m in Sources */ = {isa = PBXBuildFile; fileRef = EAE68A2723A22D170052C8BF /* ZCCacheManager.m */; };
		EAE68A6323A22D170052C8BF /* ZCSearchAPI.m in Sources */ = {isa = PBXBuildFile; fileRef = EAE68A2A23A22D170052C8BF /* ZCSearchAPI.m */; };
		EAE68A6423A22D170052C8BF /* ZDSearchPersonModel.m in Sources */ = {isa = PBXBuildFile; fileRef = EAE68A2D23A22D170052C8BF /* ZDSearchPersonModel.m */; };
		EAE68A6523A22D170052C8BF /* ZCMainSearchTableViewCell.m in Sources */ = {isa = PBXBuildFile; fileRef = EAE68A3023A22D170052C8BF /* ZCMainSearchTableViewCell.m */; };
		EAE68A6623A22D170052C8BF /* ZCMainSearchTableView.m in Sources */ = {isa = PBXBuildFile; fileRef = EAE68A3223A22D170052C8BF /* ZCMainSearchTableView.m */; };
		EAE68A6723A22D170052C8BF /* ZCMainSearchPresentor.m in Sources */ = {isa = PBXBuildFile; fileRef = EAE68A3423A22D170052C8BF /* ZCMainSearchPresentor.m */; };
		EAE68A6823A22D170052C8BF /* ZCMainSearchDataSource.m in Sources */ = {isa = PBXBuildFile; fileRef = EAE68A3523A22D170052C8BF /* ZCMainSearchDataSource.m */; };
		EAE68A6923A22D170052C8BF /* ZCMainSearchViewController.m in Sources */ = {isa = PBXBuildFile; fileRef = EAE68A3723A22D170052C8BF /* ZCMainSearchViewController.m */; };
		EAE68A6A23A22D170052C8BF /* ZCSearchResultViewController.m in Sources */ = {isa = PBXBuildFile; fileRef = EAE68A3923A22D170052C8BF /* ZCSearchResultViewController.m */; };
		EAE68A6B23A22D170052C8BF /* main.m in Sources */ = {isa = PBXBuildFile; fileRef = EAE68A3A23A22D170052C8BF /* main.m */; };
		EAE68A6C23A22D170052C8BF /* ZCBaseTableViewCell.m in Sources */ = {isa = PBXBuildFile; fileRef = EAE68A3C23A22D170052C8BF /* ZCBaseTableViewCell.m */; };
		EAE68A6D23A22D170052C8BF /* ZCBaseTableView.m in Sources */ = {isa = PBXBuildFile; fileRef = EAE68A3D23A22D170052C8BF /* ZCBaseTableView.m */; };
		EAE68A6E23A22D170052C8BF /* ZCTabBarViewController.m in Sources */ = {isa = PBXBuildFile; fileRef = EAE68A4123A22D170052C8BF /* ZCTabBarViewController.m */; };
		EAE68A6F23A22D170052C8BF /* ZCNavigationController.m in Sources */ = {isa = PBXBuildFile; fileRef = EAE68A4323A22D170052C8BF /* ZCNavigationController.m */; };
		EAE68A7023A22D170052C8BF /* ZCAppDelegateCommandRefreshToken.m in Sources */ = {isa = PBXBuildFile; fileRef = EAE68A4723A22D170052C8BF /* ZCAppDelegateCommandRefreshToken.m */; };
		EAE68A7123A22D170052C8BF /* ZCStartUpCommandsBuilder.m in Sources */ = {isa = PBXBuildFile; fileRef = EAE68A4923A22D170052C8BF /* ZCStartUpCommandsBuilder.m */; };
		EAE68A7223A22D170052C8BF /* AppDelegate.m in Sources */ = {isa = PBXBuildFile; fileRef = EAE68A4B23A22D170052C8BF /* AppDelegate.m */; };
		EAE68A7323A22D170052C8BF /* ZCLoginApi.m in Sources */ = {isa = PBXBuildFile; fileRef = EAE68A4F23A22D170052C8BF /* ZCLoginApi.m */; };
/* End PBXBuildFile section */

/* Begin PBXContainerItemProxy section */
		168F4DF2234F82F700ED2AA5 /* PBXContainerItemProxy */ = {
			isa = PBXContainerItemProxy;
			containerPortal = 168F4DD1234F82F600ED2AA5 /* Project object */;
			proxyType = 1;
			remoteGlobalIDString = 168F4DD8234F82F600ED2AA5;
			remoteInfo = ZChat;
		};
		168F4DFD234F82F700ED2AA5 /* PBXContainerItemProxy */ = {
			isa = PBXContainerItemProxy;
			containerPortal = 168F4DD1234F82F600ED2AA5 /* Project object */;
			proxyType = 1;
			remoteGlobalIDString = 168F4DD8234F82F600ED2AA5;
			remoteInfo = ZChat;
		};
/* End PBXContainerItemProxy section */

/* Begin PBXFileReference section */
		2D62219C5E0FB1DC85F9E652 /* libPods-ZChatUITests.a */ = {isa = PBXFileReference; explicitFileType = archive.ar; includeInIndex = 0; path = "libPods-ZChatUITests.a"; sourceTree = BUILT_PRODUCTS_DIR; };
		2EEB3E5D757B792E15B64F5B /* Pods-ZChat.debug.xcconfig */ = {isa = PBXFileReference; includeInIndex = 1; lastKnownFileType = text.xcconfig; name = "Pods-ZChat.debug.xcconfig"; path = "Pods/Target Support Files/Pods-ZChat/Pods-ZChat.debug.xcconfig"; sourceTree = "<group>"; };
		65C92B4D6328005A91B0CCEF /* Pods-ZChatTests.debug.xcconfig */ = {isa = PBXFileReference; includeInIndex = 1; lastKnownFileType = text.xcconfig; name = "Pods-ZChatTests.debug.xcconfig"; path = "Pods/Target Support Files/Pods-ZChatTests/Pods-ZChatTests.debug.xcconfig"; sourceTree = "<group>"; };
		CDB741FA694BCCB2E64AB157 /* Pods-ZChat.release.xcconfig */ = {isa = PBXFileReference; includeInIndex = 1; lastKnownFileType = text.xcconfig; name = "Pods-ZChat.release.xcconfig"; path = "Pods/Target Support Files/Pods-ZChat/Pods-ZChat.release.xcconfig"; sourceTree = "<group>"; };
		D32ED432C1C3DC2F86BF71EF /* Pods-ZChatUITests.debug.xcconfig */ = {isa = PBXFileReference; includeInIndex = 1; lastKnownFileType = text.xcconfig; name = "Pods-ZChatUITests.debug.xcconfig"; path = "Pods/Target Support Files/Pods-ZChatUITests/Pods-ZChatUITests.debug.xcconfig"; sourceTree = "<group>"; };
		D4417952F9128C3FD50D93BE /* Pods-ZChatTests.release.xcconfig */ = {isa = PBXFileReference; includeInIndex = 1; lastKnownFileType = text.xcconfig; name = "Pods-ZChatTests.release.xcconfig"; path = "Pods/Target Support Files/Pods-ZChatTests/Pods-ZChatTests.release.xcconfig"; sourceTree = "<group>"; };
		D9457B486EC33A3C14B49EC8 /* Pods-ZChatUITests.release.xcconfig */ = {isa = PBXFileReference; includeInIndex = 1; lastKnownFileType = text.xcconfig; name = "Pods-ZChatUITests.release.xcconfig"; path = "Pods/Target Support Files/Pods-ZChatUITests/Pods-ZChatUITests.release.xcconfig"; sourceTree = "<group>"; };
		EAE689FE23A22C290052C8BF /* ZChatUITests.xctest */ = {isa = PBXFileReference; explicitFileType = wrapper.cfbundle; includeInIndex = 0; path = ZChatUITests.xctest; sourceTree = BUILT_PRODUCTS_DIR; };
		EAE689FF23A22C290052C8BF /* ZChatTests.xctest */ = {isa = PBXFileReference; explicitFileType = wrapper.cfbundle; includeInIndex = 0; path = ZChatTests.xctest; sourceTree = BUILT_PRODUCTS_DIR; };
		EAE68A0023A22C290052C8BF /* ZChat.app */ = {isa = PBXFileReference; explicitFileType = wrapper.application; includeInIndex = 0; path = ZChat.app; sourceTree = BUILT_PRODUCTS_DIR; };
		EAE68A0323A22D170052C8BF /* NSString+ZCBaseUrlString.m */ = {isa = PBXFileReference; fileEncoding = 4; lastKnownFileType = sourcecode.c.objc; path = "NSString+ZCBaseUrlString.m"; sourceTree = "<group>"; };
		EAE68A0423A22D170052C8BF /* UIImageView+ZCImageCache.m */ = {isa = PBXFileReference; fileEncoding = 4; lastKnownFileType = sourcecode.c.objc; path = "UIImageView+ZCImageCache.m"; sourceTree = "<group>"; };
		EAE68A0523A22D170052C8BF /* ZCOwnerInfoManager.m */ = {isa = PBXFileReference; fileEncoding = 4; lastKnownFileType = sourcecode.c.objc; path = ZCOwnerInfoManager.m; sourceTree = "<group>"; };
		EAE68A0623A22D170052C8BF /* ZCMacros.h */ = {isa = PBXFileReference; fileEncoding = 4; lastKnownFileType = sourcecode.c.h; path = ZCMacros.h; sourceTree = "<group>"; };
		EAE68A0723A22D170052C8BF /* UIViewController+ZCTopViewController.h */ = {isa = PBXFileReference; fileEncoding = 4; lastKnownFileType = sourcecode.c.h; path = "UIViewController+ZCTopViewController.h"; sourceTree = "<group>"; };
		EAE68A0823A22D170052C8BF /* TVDataSource.m */ = {isa = PBXFileReference; fileEncoding = 4; lastKnownFileType = sourcecode.c.objc; path = TVDataSource.m; sourceTree = "<group>"; };
		EAE68A0923A22D170052C8BF /* ZCDefines.h */ = {isa = PBXFileReference; fileEncoding = 4; lastKnownFileType = sourcecode.c.h; path = ZCDefines.h; sourceTree = "<group>"; };
		EAE68A0A23A22D170052C8BF /* ZCPresentorProtocol.h */ = {isa = PBXFileReference; fileEncoding = 4; lastKnownFileType = sourcecode.c.h; path = ZCPresentorProtocol.h; sourceTree = "<group>"; };
		EAE68A0B23A22D170052C8BF /* ZCNetworkRequest.m */ = {isa = PBXFileReference; fileEncoding = 4; lastKnownFileType = sourcecode.c.objc; path = ZCNetworkRequest.m; sourceTree = "<group>"; };
		EAE68A0D23A22D170052C8BF /* NSArray+HYBUnicodeReadable.m */ = {isa = PBXFileReference; fileEncoding = 4; lastKnownFileType = sourcecode.c.objc; path = "NSArray+HYBUnicodeReadable.m"; sourceTree = "<group>"; };
		EAE68A0E23A22D170052C8BF /* NSDictionary+HYBUnicodeReadable.m */ = {isa = PBXFileReference; fileEncoding = 4; lastKnownFileType = sourcecode.c.objc; path = "NSDictionary+HYBUnicodeReadable.m"; sourceTree = "<group>"; };
		EAE68A0F23A22D170052C8BF /* NSSet+HYBUnicodeReadable.m */ = {isa = PBXFileReference; fileEncoding = 4; lastKnownFileType = sourcecode.c.objc; path = "NSSet+HYBUnicodeReadable.m"; sourceTree = "<group>"; };
		EAE68A1023A22D170052C8BF /* NSArray+HYBUnicodeReadable.h */ = {isa = PBXFileReference; fileEncoding = 4; lastKnownFileType = sourcecode.c.h; path = "NSArray+HYBUnicodeReadable.h"; sourceTree = "<group>"; };
		EAE68A1123A22D170052C8BF /* NSDictionary+HYBUnicodeReadable.h */ = {isa = PBXFileReference; fileEncoding = 4; lastKnownFileType = sourcecode.c.h; path = "NSDictionary+HYBUnicodeReadable.h"; sourceTree = "<group>"; };
		EAE68A1223A22D170052C8BF /* NSSet+HYBUnicodeReadable.h */ = {isa = PBXFileReference; fileEncoding = 4; lastKnownFileType = sourcecode.c.h; path = "NSSet+HYBUnicodeReadable.h"; sourceTree = "<group>"; };
		EAE68A1323A22D170052C8BF /* NSString+ZCBaseUrlString.h */ = {isa = PBXFileReference; fileEncoding = 4; lastKnownFileType = sourcecode.c.h; path = "NSString+ZCBaseUrlString.h"; sourceTree = "<group>"; };
		EAE68A1423A22D170052C8BF /* ZCOwnerInfoManager.h */ = {isa = PBXFileReference; fileEncoding = 4; lastKnownFileType = sourcecode.c.h; path = ZCOwnerInfoManager.h; sourceTree = "<group>"; };
		EAE68A1523A22D170052C8BF /* UIImageView+ZCImageCache.h */ = {isa = PBXFileReference; fileEncoding = 4; lastKnownFileType = sourcecode.c.h; path = "UIImageView+ZCImageCache.h"; sourceTree = "<group>"; };
		EAE68A1623A22D170052C8BF /* ZCNetworkDefine.h */ = {isa = PBXFileReference; fileEncoding = 4; lastKnownFileType = sourcecode.c.h; path = ZCNetworkDefine.h; sourceTree = "<group>"; };
		EAE68A1723A22D170052C8BF /* UIViewController+ZCTopViewController.m */ = {isa = PBXFileReference; fileEncoding = 4; lastKnownFileType = sourcecode.c.objc; path = "UIViewController+ZCTopViewController.m"; sourceTree = "<group>"; };
		EAE68A1823A22D170052C8BF /* TVDataSource.h */ = {isa = PBXFileReference; fileEncoding = 4; lastKnownFileType = sourcecode.c.h; path = TVDataSource.h; sourceTree = "<group>"; };
		EAE68A1923A22D170052C8BF /* ZCNetworkRequest.h */ = {isa = PBXFileReference; fileEncoding = 4; lastKnownFileType = sourcecode.c.h; path = ZCNetworkRequest.h; sourceTree = "<group>"; };
		EAE68A1B23A22D170052C8BF /* ZCChatViewController.h */ = {isa = PBXFileReference; fileEncoding = 4; lastKnownFileType = sourcecode.c.h; path = ZCChatViewController.h; sourceTree = "<group>"; };
		EAE68A1C23A22D170052C8BF /* ZCChatHeaderView.h */ = {isa = PBXFileReference; fileEncoding = 4; lastKnownFileType = sourcecode.c.h; path = ZCChatHeaderView.h; sourceTree = "<group>"; };
		EAE68A1D23A22D170052C8BF /* ZCChatViewController.m */ = {isa = PBXFileReference; fileEncoding = 4; lastKnownFileType = sourcecode.c.objc; path = ZCChatViewController.m; sourceTree = "<group>"; };
		EAE68A1E23A22D170052C8BF /* ZCChatHeaderView.m */ = {isa = PBXFileReference; fileEncoding = 4; lastKnownFileType = sourcecode.c.objc; path = ZCChatHeaderView.m; sourceTree = "<group>"; };
		EAE68A1F23A22D170052C8BF /* Assets.xcassets */ = {isa = PBXFileReference; lastKnownFileType = folder.assetcatalog; path = Assets.xcassets; sourceTree = "<group>"; };
		EAE68A2023A22D170052C8BF /* ViewController.m */ = {isa = PBXFileReference; fileEncoding = 4; lastKnownFileType = sourcecode.c.objc; path = ViewController.m; sourceTree = "<group>"; };
		EAE68A2223A22D170052C8BF /* Base */ = {isa = PBXFileReference; lastKnownFileType = file.storyboard; name = Base; path = Base.lproj/LaunchScreen.storyboard; sourceTree = "<group>"; };
		EAE68A2423A22D170052C8BF /* Base */ = {isa = PBXFileReference; lastKnownFileType = file.storyboard; name = Base; path = Base.lproj/Main.storyboard; sourceTree = "<group>"; };
		EAE68A2623A22D170052C8BF /* ZCCacheManager.h */ = {isa = PBXFileReference; fileEncoding = 4; lastKnownFileType = sourcecode.c.h; path = ZCCacheManager.h; sourceTree = "<group>"; };
		EAE68A2723A22D170052C8BF /* ZCCacheManager.m */ = {isa = PBXFileReference; fileEncoding = 4; lastKnownFileType = sourcecode.c.objc; path = ZCCacheManager.m; sourceTree = "<group>"; };
		EAE68A2923A22D170052C8BF /* ZCSearchResultViewController.h */ = {isa = PBXFileReference; fileEncoding = 4; lastKnownFileType = sourcecode.c.h; path = ZCSearchResultViewController.h; sourceTree = "<group>"; };
		EAE68A2A23A22D170052C8BF /* ZCSearchAPI.m */ = {isa = PBXFileReference; fileEncoding = 4; lastKnownFileType = sourcecode.c.objc; path = ZCSearchAPI.m; sourceTree = "<group>"; };
		EAE68A2B23A22D170052C8BF /* ZCSearchAPI.h */ = {isa = PBXFileReference; fileEncoding = 4; lastKnownFileType = sourcecode.c.h; path = ZCSearchAPI.h; sourceTree = "<group>"; };
		EAE68A2D23A22D170052C8BF /* ZDSearchPersonModel.m */ = {isa = PBXFileReference; fileEncoding = 4; lastKnownFileType = sourcecode.c.objc; path = ZDSearchPersonModel.m; sourceTree = "<group>"; };
		EAE68A2E23A22D170052C8BF /* ZCMainSearchDataSource.h */ = {isa = PBXFileReference; fileEncoding = 4; lastKnownFileType = sourcecode.c.h; path = ZCMainSearchDataSource.h; sourceTree = "<group>"; };
		EAE68A2F23A22D170052C8BF /* ZCMainSearchPresentor.h */ = {isa = PBXFileReference; fileEncoding = 4; lastKnownFileType = sourcecode.c.h; path = ZCMainSearchPresentor.h; sourceTree = "<group>"; };
		EAE68A3023A22D170052C8BF /* ZCMainSearchTableViewCell.m */ = {isa = PBXFileReference; fileEncoding = 4; lastKnownFileType = sourcecode.c.objc; path = ZCMainSearchTableViewCell.m; sourceTree = "<group>"; };
		EAE68A3123A22D170052C8BF /* ZCMainSearchViewController.h */ = {isa = PBXFileReference; fileEncoding = 4; lastKnownFileType = sourcecode.c.h; path = ZCMainSearchViewController.h; sourceTree = "<group>"; };
		EAE68A3223A22D170052C8BF /* ZCMainSearchTableView.m */ = {isa = PBXFileReference; fileEncoding = 4; lastKnownFileType = sourcecode.c.objc; path = ZCMainSearchTableView.m; sourceTree = "<group>"; };
		EAE68A3323A22D170052C8BF /* ZDSearchPersonModel.h */ = {isa = PBXFileReference; fileEncoding = 4; lastKnownFileType = sourcecode.c.h; path = ZDSearchPersonModel.h; sourceTree = "<group>"; };
		EAE68A3423A22D170052C8BF /* ZCMainSearchPresentor.m */ = {isa = PBXFileReference; fileEncoding = 4; lastKnownFileType = sourcecode.c.objc; path = ZCMainSearchPresentor.m; sourceTree = "<group>"; };
		EAE68A3523A22D170052C8BF /* ZCMainSearchDataSource.m */ = {isa = PBXFileReference; fileEncoding = 4; lastKnownFileType = sourcecode.c.objc; path = ZCMainSearchDataSource.m; sourceTree = "<group>"; };
		EAE68A3623A22D170052C8BF /* ZCMainSearchTableViewCell.h */ = {isa = PBXFileReference; fileEncoding = 4; lastKnownFileType = sourcecode.c.h; path = ZCMainSearchTableViewCell.h; sourceTree = "<group>"; };
		EAE68A3723A22D170052C8BF /* ZCMainSearchViewController.m */ = {isa = PBXFileReference; fileEncoding = 4; lastKnownFileType = sourcecode.c.objc; path = ZCMainSearchViewController.m; sourceTree = "<group>"; };
		EAE68A3823A22D170052C8BF /* ZCMainSearchTableView.h */ = {isa = PBXFileReference; fileEncoding = 4; lastKnownFileType = sourcecode.c.h; path = ZCMainSearchTableView.h; sourceTree = "<group>"; };
		EAE68A3923A22D170052C8BF /* ZCSearchResultViewController.m */ = {isa = PBXFileReference; fileEncoding = 4; lastKnownFileType = sourcecode.c.objc; path = ZCSearchResultViewController.m; sourceTree = "<group>"; };
		EAE68A3A23A22D170052C8BF /* main.m */ = {isa = PBXFileReference; fileEncoding = 4; lastKnownFileType = sourcecode.c.objc; path = main.m; sourceTree = "<group>"; };
		EAE68A3C23A22D170052C8BF /* ZCBaseTableViewCell.m */ = {isa = PBXFileReference; fileEncoding = 4; lastKnownFileType = sourcecode.c.objc; path = ZCBaseTableViewCell.m; sourceTree = "<group>"; };
		EAE68A3D23A22D170052C8BF /* ZCBaseTableView.m */ = {isa = PBXFileReference; fileEncoding = 4; lastKnownFileType = sourcecode.c.objc; path = ZCBaseTableView.m; sourceTree = "<group>"; };
		EAE68A3E23A22D170052C8BF /* ZCBaseTableView.h */ = {isa = PBXFileReference; fileEncoding = 4; lastKnownFileType = sourcecode.c.h; path = ZCBaseTableView.h; sourceTree = "<group>"; };
		EAE68A3F23A22D170052C8BF /* ZCBaseTableViewCell.h */ = {isa = PBXFileReference; fileEncoding = 4; lastKnownFileType = sourcecode.c.h; path = ZCBaseTableViewCell.h; sourceTree = "<group>"; };
		EAE68A4123A22D170052C8BF /* ZCTabBarViewController.m */ = {isa = PBXFileReference; fileEncoding = 4; lastKnownFileType = sourcecode.c.objc; path = ZCTabBarViewController.m; sourceTree = "<group>"; };
		EAE68A4223A22D170052C8BF /* AppDelegate.h */ = {isa = PBXFileReference; fileEncoding = 4; lastKnownFileType = sourcecode.c.h; path = AppDelegate.h; sourceTree = "<group>"; };
		EAE68A4323A22D170052C8BF /* ZCNavigationController.m */ = {isa = PBXFileReference; fileEncoding = 4; lastKnownFileType = sourcecode.c.objc; path = ZCNavigationController.m; sourceTree = "<group>"; };
		EAE68A4523A22D170052C8BF /* ZCAppDelegateCommandRefreshToken.h */ = {isa = PBXFileReference; fileEncoding = 4; lastKnownFileType = sourcecode.c.h; path = ZCAppDelegateCommandRefreshToken.h; sourceTree = "<group>"; };
		EAE68A4623A22D170052C8BF /* ZCStartUpCommandsBuilder.h */ = {isa = PBXFileReference; fileEncoding = 4; lastKnownFileType = sourcecode.c.h; path = ZCStartUpCommandsBuilder.h; sourceTree = "<group>"; };
		EAE68A4723A22D170052C8BF /* ZCAppDelegateCommandRefreshToken.m */ = {isa = PBXFileReference; fileEncoding = 4; lastKnownFileType = sourcecode.c.objc; path = ZCAppDelegateCommandRefreshToken.m; sourceTree = "<group>"; };
		EAE68A4823A22D170052C8BF /* ZCAppDelegateProtocol.h */ = {isa = PBXFileReference; fileEncoding = 4; lastKnownFileType = sourcecode.c.h; path = ZCAppDelegateProtocol.h; sourceTree = "<group>"; };
		EAE68A4923A22D170052C8BF /* ZCStartUpCommandsBuilder.m */ = {isa = PBXFileReference; fileEncoding = 4; lastKnownFileType = sourcecode.c.objc; path = ZCStartUpCommandsBuilder.m; sourceTree = "<group>"; };
		EAE68A4A23A22D170052C8BF /* ZCTabBarViewController.h */ = {isa = PBXFileReference; fileEncoding = 4; lastKnownFileType = sourcecode.c.h; path = ZCTabBarViewController.h; sourceTree = "<group>"; };
		EAE68A4B23A22D170052C8BF /* AppDelegate.m */ = {isa = PBXFileReference; fileEncoding = 4; lastKnownFileType = sourcecode.c.objc; path = AppDelegate.m; sourceTree = "<group>"; };
		EAE68A4C23A22D170052C8BF /* ZCNavigationController.h */ = {isa = PBXFileReference; fileEncoding = 4; lastKnownFileType = sourcecode.c.h; path = ZCNavigationController.h; sourceTree = "<group>"; };
		EAE68A4D23A22D170052C8BF /* PrefixHeader.pch */ = {isa = PBXFileReference; fileEncoding = 4; lastKnownFileType = sourcecode.c.h; path = PrefixHeader.pch; sourceTree = "<group>"; };
		EAE68A4F23A22D170052C8BF /* ZCLoginApi.m */ = {isa = PBXFileReference; fileEncoding = 4; lastKnownFileType = sourcecode.c.objc; path = ZCLoginApi.m; sourceTree = "<group>"; };
		EAE68A5023A22D170052C8BF /* ZCLoginApi.h */ = {isa = PBXFileReference; fileEncoding = 4; lastKnownFileType = sourcecode.c.h; path = ZCLoginApi.h; sourceTree = "<group>"; };
		EAE68A5123A22D170052C8BF /* Info.plist */ = {isa = PBXFileReference; fileEncoding = 4; lastKnownFileType = text.plist.xml; path = Info.plist; sourceTree = "<group>"; };
		EAE68A5223A22D170052C8BF /* ViewController.h */ = {isa = PBXFileReference; fileEncoding = 4; lastKnownFileType = sourcecode.c.h; path = ViewController.h; sourceTree = "<group>"; };
		F72856FF7B81195C2730BB56 /* libPods-ZChat.a */ = {isa = PBXFileReference; explicitFileType = archive.ar; includeInIndex = 0; path = "libPods-ZChat.a"; sourceTree = BUILT_PRODUCTS_DIR; };
		FB1D5D466A3ED9D5664EFF36 /* libPods-ZChatTests.a */ = {isa = PBXFileReference; explicitFileType = archive.ar; includeInIndex = 0; path = "libPods-ZChatTests.a"; sourceTree = BUILT_PRODUCTS_DIR; };
/* End PBXFileReference section */

/* Begin PBXFrameworksBuildPhase section */
		168F4DD6234F82F600ED2AA5 /* Frameworks */ = {
			isa = PBXFrameworksBuildPhase;
			buildActionMask = 2147483647;
			files = (
				4DA9B47549322087BABEDB9D /* libPods-ZChat.a in Frameworks */,
			);
			runOnlyForDeploymentPostprocessing = 0;
		};
		168F4DEE234F82F700ED2AA5 /* Frameworks */ = {
			isa = PBXFrameworksBuildPhase;
			buildActionMask = 2147483647;
			files = (
				219F1B82CA898E4A5A4678B8 /* libPods-ZChatTests.a in Frameworks */,
			);
			runOnlyForDeploymentPostprocessing = 0;
		};
		168F4DF9234F82F700ED2AA5 /* Frameworks */ = {
			isa = PBXFrameworksBuildPhase;
			buildActionMask = 2147483647;
			files = (
				E73FD8A4D8F8D4671F6E1D9A /* libPods-ZChatUITests.a in Frameworks */,
			);
			runOnlyForDeploymentPostprocessing = 0;
		};
/* End PBXFrameworksBuildPhase section */

/* Begin PBXGroup section */
		168F4DD0234F82F600ED2AA5 = {
			isa = PBXGroup;
			children = (
				EAE68A0123A22D170052C8BF /* ZChat */,
				EAE689FE23A22C290052C8BF /* ZChatUITests.xctest */,
				EAE689FF23A22C290052C8BF /* ZChatTests.xctest */,
				EAE68A0023A22C290052C8BF /* ZChat.app */,
				A75638F1F6A9FDF32E07F391 /* Pods */,
				B744C767199719C12D4DC476 /* Frameworks */,
			);
			sourceTree = "<group>";
		};
		A75638F1F6A9FDF32E07F391 /* Pods */ = {
			isa = PBXGroup;
			children = (
				2EEB3E5D757B792E15B64F5B /* Pods-ZChat.debug.xcconfig */,
				CDB741FA694BCCB2E64AB157 /* Pods-ZChat.release.xcconfig */,
				65C92B4D6328005A91B0CCEF /* Pods-ZChatTests.debug.xcconfig */,
				D4417952F9128C3FD50D93BE /* Pods-ZChatTests.release.xcconfig */,
				D32ED432C1C3DC2F86BF71EF /* Pods-ZChatUITests.debug.xcconfig */,
				D9457B486EC33A3C14B49EC8 /* Pods-ZChatUITests.release.xcconfig */,
			);
			name = Pods;
			sourceTree = "<group>";
		};
		B744C767199719C12D4DC476 /* Frameworks */ = {
			isa = PBXGroup;
			children = (
				F72856FF7B81195C2730BB56 /* libPods-ZChat.a */,
				FB1D5D466A3ED9D5664EFF36 /* libPods-ZChatTests.a */,
				2D62219C5E0FB1DC85F9E652 /* libPods-ZChatUITests.a */,
			);
			name = Frameworks;
			sourceTree = "<group>";
		};
		EAE68A0123A22D170052C8BF /* ZChat */ = {
			isa = PBXGroup;
			children = (
				EAE68A0223A22D170052C8BF /* Tools */,
				EAE68A1A23A22D170052C8BF /* Chat */,
				EAE68A1F23A22D170052C8BF /* Assets.xcassets */,
				EAE68A2023A22D170052C8BF /* ViewController.m */,
				EAE68A2123A22D170052C8BF /* LaunchScreen.storyboard */,
				EAE68A2323A22D170052C8BF /* Main.storyboard */,
				EAE68A2523A22D170052C8BF /* Storage */,
				EAE68A2823A22D170052C8BF /* Search */,
				EAE68A3A23A22D170052C8BF /* main.m */,
				EAE68A3B23A22D170052C8BF /* BaseUI */,
				EAE68A4023A22D170052C8BF /* Main */,
				EAE68A4E23A22D170052C8BF /* Login */,
				EAE68A5123A22D170052C8BF /* Info.plist */,
				EAE68A5223A22D170052C8BF /* ViewController.h */,
			);
			path = ZChat;
			sourceTree = "<group>";
		};
		EAE68A0223A22D170052C8BF /* Tools */ = {
			isa = PBXGroup;
			children = (
				EAE68A0323A22D170052C8BF /* NSString+ZCBaseUrlString.m */,
				EAE68A0423A22D170052C8BF /* UIImageView+ZCImageCache.m */,
				EAE68A0523A22D170052C8BF /* ZCOwnerInfoManager.m */,
				EAE68A0623A22D170052C8BF /* ZCMacros.h */,
				EAE68A0723A22D170052C8BF /* UIViewController+ZCTopViewController.h */,
				EAE68A0823A22D170052C8BF /* TVDataSource.m */,
				EAE68A0923A22D170052C8BF /* ZCDefines.h */,
				EAE68A0A23A22D170052C8BF /* ZCPresentorProtocol.h */,
				EAE68A0B23A22D170052C8BF /* ZCNetworkRequest.m */,
				EAE68A0C23A22D170052C8BF /* HYBUnicodeReadable */,
				EAE68A1323A22D170052C8BF /* NSString+ZCBaseUrlString.h */,
				EAE68A1423A22D170052C8BF /* ZCOwnerInfoManager.h */,
				EAE68A1523A22D170052C8BF /* UIImageView+ZCImageCache.h */,
				EAE68A1623A22D170052C8BF /* ZCNetworkDefine.h */,
				EAE68A1723A22D170052C8BF /* UIViewController+ZCTopViewController.m */,
				EAE68A1823A22D170052C8BF /* TVDataSource.h */,
				EAE68A1923A22D170052C8BF /* ZCNetworkRequest.h */,
			);
			path = Tools;
			sourceTree = "<group>";
		};
		EAE68A0C23A22D170052C8BF /* HYBUnicodeReadable */ = {
			isa = PBXGroup;
			children = (
				EAE68A0D23A22D170052C8BF /* NSArray+HYBUnicodeReadable.m */,
				EAE68A0E23A22D170052C8BF /* NSDictionary+HYBUnicodeReadable.m */,
				EAE68A0F23A22D170052C8BF /* NSSet+HYBUnicodeReadable.m */,
				EAE68A1023A22D170052C8BF /* NSArray+HYBUnicodeReadable.h */,
				EAE68A1123A22D170052C8BF /* NSDictionary+HYBUnicodeReadable.h */,
				EAE68A1223A22D170052C8BF /* NSSet+HYBUnicodeReadable.h */,
			);
			path = HYBUnicodeReadable;
			sourceTree = "<group>";
		};
		EAE68A1A23A22D170052C8BF /* Chat */ = {
			isa = PBXGroup;
			children = (
				EAE68A1B23A22D170052C8BF /* ZCChatViewController.h */,
				EAE68A1C23A22D170052C8BF /* ZCChatHeaderView.h */,
				EAE68A1D23A22D170052C8BF /* ZCChatViewController.m */,
				EAE68A1E23A22D170052C8BF /* ZCChatHeaderView.m */,
			);
			path = Chat;
			sourceTree = "<group>";
		};
		EAE68A2523A22D170052C8BF /* Storage */ = {
			isa = PBXGroup;
			children = (
				EAE68A2623A22D170052C8BF /* ZCCacheManager.h */,
				EAE68A2723A22D170052C8BF /* ZCCacheManager.m */,
			);
			path = Storage;
			sourceTree = "<group>";
		};
		EAE68A2823A22D170052C8BF /* Search */ = {
			isa = PBXGroup;
			children = (
				EAE68A2923A22D170052C8BF /* ZCSearchResultViewController.h */,
				EAE68A2A23A22D170052C8BF /* ZCSearchAPI.m */,
				EAE68A2B23A22D170052C8BF /* ZCSearchAPI.h */,
				EAE68A2C23A22D170052C8BF /* Home Page */,
				EAE68A3923A22D170052C8BF /* ZCSearchResultViewController.m */,
			);
			path = Search;
			sourceTree = "<group>";
		};
		EAE68A2C23A22D170052C8BF /* Home Page */ = {
			isa = PBXGroup;
			children = (
				EAE68A2D23A22D170052C8BF /* ZDSearchPersonModel.m */,
				EAE68A2E23A22D170052C8BF /* ZCMainSearchDataSource.h */,
				EAE68A2F23A22D170052C8BF /* ZCMainSearchPresentor.h */,
				EAE68A3023A22D170052C8BF /* ZCMainSearchTableViewCell.m */,
				EAE68A3123A22D170052C8BF /* ZCMainSearchViewController.h */,
				EAE68A3223A22D170052C8BF /* ZCMainSearchTableView.m */,
				EAE68A3323A22D170052C8BF /* ZDSearchPersonModel.h */,
				EAE68A3423A22D170052C8BF /* ZCMainSearchPresentor.m */,
				EAE68A3523A22D170052C8BF /* ZCMainSearchDataSource.m */,
				EAE68A3623A22D170052C8BF /* ZCMainSearchTableViewCell.h */,
				EAE68A3723A22D170052C8BF /* ZCMainSearchViewController.m */,
				EAE68A3823A22D170052C8BF /* ZCMainSearchTableView.h */,
			);
			path = "Home Page";
			sourceTree = "<group>";
		};
		EAE68A3B23A22D170052C8BF /* BaseUI */ = {
			isa = PBXGroup;
			children = (
				EAE68A3C23A22D170052C8BF /* ZCBaseTableViewCell.m */,
				EAE68A3D23A22D170052C8BF /* ZCBaseTableView.m */,
				EAE68A3E23A22D170052C8BF /* ZCBaseTableView.h */,
				EAE68A3F23A22D170052C8BF /* ZCBaseTableViewCell.h */,
			);
			path = BaseUI;
			sourceTree = "<group>";
		};
		EAE68A4023A22D170052C8BF /* Main */ = {
			isa = PBXGroup;
			children = (
				EAE68A4123A22D170052C8BF /* ZCTabBarViewController.m */,
				EAE68A4223A22D170052C8BF /* AppDelegate.h */,
				EAE68A4323A22D170052C8BF /* ZCNavigationController.m */,
				EAE68A4423A22D170052C8BF /* Delegate */,
				EAE68A4A23A22D170052C8BF /* ZCTabBarViewController.h */,
				EAE68A4B23A22D170052C8BF /* AppDelegate.m */,
				EAE68A4C23A22D170052C8BF /* ZCNavigationController.h */,
				EAE68A4D23A22D170052C8BF /* PrefixHeader.pch */,
			);
			path = Main;
			sourceTree = "<group>";
		};
		EAE68A4423A22D170052C8BF /* Delegate */ = {
			isa = PBXGroup;
			children = (
				EAE68A4523A22D170052C8BF /* ZCAppDelegateCommandRefreshToken.h */,
				EAE68A4623A22D170052C8BF /* ZCStartUpCommandsBuilder.h */,
				EAE68A4723A22D170052C8BF /* ZCAppDelegateCommandRefreshToken.m */,
				EAE68A4823A22D170052C8BF /* ZCAppDelegateProtocol.h */,
				EAE68A4923A22D170052C8BF /* ZCStartUpCommandsBuilder.m */,
			);
			path = Delegate;
			sourceTree = "<group>";
		};
		EAE68A4E23A22D170052C8BF /* Login */ = {
			isa = PBXGroup;
			children = (
				EAE68A4F23A22D170052C8BF /* ZCLoginApi.m */,
				EAE68A5023A22D170052C8BF /* ZCLoginApi.h */,
			);
			path = Login;
			sourceTree = "<group>";
		};
/* End PBXGroup section */

/* Begin PBXNativeTarget section */
		168F4DD8234F82F600ED2AA5 /* ZChat */ = {
			isa = PBXNativeTarget;
			buildConfigurationList = 168F4E05234F82F700ED2AA5 /* Build configuration list for PBXNativeTarget "ZChat" */;
			buildPhases = (
				4400B3B3FB6AD4B07C65EF7E /* [CP] Check Pods Manifest.lock */,
				168F4DD5234F82F600ED2AA5 /* Sources */,
				168F4DD6234F82F600ED2AA5 /* Frameworks */,
				168F4DD7234F82F600ED2AA5 /* Resources */,
				114E6270DF838FEBBCADCFEA /* [CP] Copy Pods Resources */,
			);
			buildRules = (
			);
			dependencies = (
			);
			name = ZChat;
			productName = ZChat;
			productReference = EAE68A0023A22C290052C8BF /* ZChat.app */;
			productType = "com.apple.product-type.application";
		};
		168F4DF0234F82F700ED2AA5 /* ZChatTests */ = {
			isa = PBXNativeTarget;
			buildConfigurationList = 168F4E08234F82F700ED2AA5 /* Build configuration list for PBXNativeTarget "ZChatTests" */;
			buildPhases = (
				0B2AC4F8D47F79138656F4A2 /* [CP] Check Pods Manifest.lock */,
				168F4DED234F82F700ED2AA5 /* Sources */,
				168F4DEE234F82F700ED2AA5 /* Frameworks */,
				168F4DEF234F82F700ED2AA5 /* Resources */,
			);
			buildRules = (
			);
			dependencies = (
				168F4DF3234F82F700ED2AA5 /* PBXTargetDependency */,
			);
			name = ZChatTests;
			productName = ZChatTests;
			productReference = EAE689FF23A22C290052C8BF /* ZChatTests.xctest */;
			productType = "com.apple.product-type.bundle.unit-test";
		};
		168F4DFB234F82F700ED2AA5 /* ZChatUITests */ = {
			isa = PBXNativeTarget;
			buildConfigurationList = 168F4E0B234F82F700ED2AA5 /* Build configuration list for PBXNativeTarget "ZChatUITests" */;
			buildPhases = (
				8812713EBDB8266DAC1143D9 /* [CP] Check Pods Manifest.lock */,
				168F4DF8234F82F700ED2AA5 /* Sources */,
				168F4DF9234F82F700ED2AA5 /* Frameworks */,
				168F4DFA234F82F700ED2AA5 /* Resources */,
			);
			buildRules = (
			);
			dependencies = (
				168F4DFE234F82F700ED2AA5 /* PBXTargetDependency */,
			);
			name = ZChatUITests;
			productName = ZChatUITests;
			productReference = EAE689FE23A22C290052C8BF /* ZChatUITests.xctest */;
			productType = "com.apple.product-type.bundle.ui-testing";
		};
/* End PBXNativeTarget section */

/* Begin PBXProject section */
		168F4DD1234F82F600ED2AA5 /* Project object */ = {
			isa = PBXProject;
			attributes = {
				CLASSPREFIX = ZC;
				LastUpgradeCheck = 1030;
				ORGANIZATIONNAME = XKQ;
				TargetAttributes = {
					168F4DD8234F82F600ED2AA5 = {
						CreatedOnToolsVersion = 10.3;
					};
					168F4DF0234F82F700ED2AA5 = {
						CreatedOnToolsVersion = 10.3;
						TestTargetID = 168F4DD8234F82F600ED2AA5;
					};
					168F4DFB234F82F700ED2AA5 = {
						CreatedOnToolsVersion = 10.3;
						TestTargetID = 168F4DD8234F82F600ED2AA5;
					};
				};
			};
			buildConfigurationList = 168F4DD4234F82F600ED2AA5 /* Build configuration list for PBXProject "ZChat" */;
			compatibilityVersion = "Xcode 9.3";
			developmentRegion = en;
			hasScannedForEncodings = 0;
			knownRegions = (
				en,
				Base,
			);
			mainGroup = 168F4DD0234F82F600ED2AA5;
			productRefGroup = 168F4DD0234F82F600ED2AA5;
			projectDirPath = "";
			projectRoot = "";
			targets = (
				168F4DD8234F82F600ED2AA5 /* ZChat */,
				168F4DF0234F82F700ED2AA5 /* ZChatTests */,
				168F4DFB234F82F700ED2AA5 /* ZChatUITests */,
			);
		};
/* End PBXProject section */

/* Begin PBXResourcesBuildPhase section */
		168F4DD7234F82F600ED2AA5 /* Resources */ = {
			isa = PBXResourcesBuildPhase;
			buildActionMask = 2147483647;
			files = (
				EAE68A6123A22D170052C8BF /* Main.storyboard in Resources */,
				EAE68A5E23A22D170052C8BF /* Assets.xcassets in Resources */,
				EAE68A6023A22D170052C8BF /* LaunchScreen.storyboard in Resources */,
			);
			runOnlyForDeploymentPostprocessing = 0;
		};
		168F4DEF234F82F700ED2AA5 /* Resources */ = {
			isa = PBXResourcesBuildPhase;
			buildActionMask = 2147483647;
			files = (
			);
			runOnlyForDeploymentPostprocessing = 0;
		};
		168F4DFA234F82F700ED2AA5 /* Resources */ = {
			isa = PBXResourcesBuildPhase;
			buildActionMask = 2147483647;
			files = (
			);
			runOnlyForDeploymentPostprocessing = 0;
		};
/* End PBXResourcesBuildPhase section */

/* Begin PBXShellScriptBuildPhase section */
		0B2AC4F8D47F79138656F4A2 /* [CP] Check Pods Manifest.lock */ = {
			isa = PBXShellScriptBuildPhase;
			buildActionMask = 2147483647;
			files = (
			);
			inputPaths = (
				"${PODS_PODFILE_DIR_PATH}/Podfile.lock",
				"${PODS_ROOT}/Manifest.lock",
			);
			name = "[CP] Check Pods Manifest.lock";
			outputPaths = (
				"$(DERIVED_FILE_DIR)/Pods-ZChatTests-checkManifestLockResult.txt",
			);
			runOnlyForDeploymentPostprocessing = 0;
			shellPath = /bin/sh;
			shellScript = "diff \"${PODS_PODFILE_DIR_PATH}/Podfile.lock\" \"${PODS_ROOT}/Manifest.lock\" > /dev/null\nif [ $? != 0 ] ; then\n    # print error to STDERR\n    echo \"error: The sandbox is not in sync with the Podfile.lock. Run 'pod install' or update your CocoaPods installation.\" >&2\n    exit 1\nfi\n# This output is used by Xcode 'outputs' to avoid re-running this script phase.\necho \"SUCCESS\" > \"${SCRIPT_OUTPUT_FILE_0}\"\n";
			showEnvVarsInLog = 0;
		};
		114E6270DF838FEBBCADCFEA /* [CP] Copy Pods Resources */ = {
			isa = PBXShellScriptBuildPhase;
			buildActionMask = 2147483647;
			files = (
			);
			inputPaths = (
				"${SRCROOT}/Pods/Target Support Files/Pods-ZChat/Pods-ZChat-resources.sh",
				"${PODS_ROOT}/MJRefresh/MJRefresh/MJRefresh.bundle",
			);
			name = "[CP] Copy Pods Resources";
			outputPaths = (
				"${TARGET_BUILD_DIR}/${UNLOCALIZED_RESOURCES_FOLDER_PATH}/MJRefresh.bundle",
			);
			runOnlyForDeploymentPostprocessing = 0;
			shellPath = /bin/sh;
			shellScript = "\"${SRCROOT}/Pods/Target Support Files/Pods-ZChat/Pods-ZChat-resources.sh\"\n";
			showEnvVarsInLog = 0;
		};
		4400B3B3FB6AD4B07C65EF7E /* [CP] Check Pods Manifest.lock */ = {
			isa = PBXShellScriptBuildPhase;
			buildActionMask = 2147483647;
			files = (
			);
			inputPaths = (
				"${PODS_PODFILE_DIR_PATH}/Podfile.lock",
				"${PODS_ROOT}/Manifest.lock",
			);
			name = "[CP] Check Pods Manifest.lock";
			outputPaths = (
				"$(DERIVED_FILE_DIR)/Pods-ZChat-checkManifestLockResult.txt",
			);
			runOnlyForDeploymentPostprocessing = 0;
			shellPath = /bin/sh;
			shellScript = "diff \"${PODS_PODFILE_DIR_PATH}/Podfile.lock\" \"${PODS_ROOT}/Manifest.lock\" > /dev/null\nif [ $? != 0 ] ; then\n    # print error to STDERR\n    echo \"error: The sandbox is not in sync with the Podfile.lock. Run 'pod install' or update your CocoaPods installation.\" >&2\n    exit 1\nfi\n# This output is used by Xcode 'outputs' to avoid re-running this script phase.\necho \"SUCCESS\" > \"${SCRIPT_OUTPUT_FILE_0}\"\n";
			showEnvVarsInLog = 0;
		};
		8812713EBDB8266DAC1143D9 /* [CP] Check Pods Manifest.lock */ = {
			isa = PBXShellScriptBuildPhase;
			buildActionMask = 2147483647;
			files = (
			);
			inputPaths = (
				"${PODS_PODFILE_DIR_PATH}/Podfile.lock",
				"${PODS_ROOT}/Manifest.lock",
			);
			name = "[CP] Check Pods Manifest.lock";
			outputPaths = (
				"$(DERIVED_FILE_DIR)/Pods-ZChatUITests-checkManifestLockResult.txt",
			);
			runOnlyForDeploymentPostprocessing = 0;
			shellPath = /bin/sh;
			shellScript = "diff \"${PODS_PODFILE_DIR_PATH}/Podfile.lock\" \"${PODS_ROOT}/Manifest.lock\" > /dev/null\nif [ $? != 0 ] ; then\n    # print error to STDERR\n    echo \"error: The sandbox is not in sync with the Podfile.lock. Run 'pod install' or update your CocoaPods installation.\" >&2\n    exit 1\nfi\n# This output is used by Xcode 'outputs' to avoid re-running this script phase.\necho \"SUCCESS\" > \"${SCRIPT_OUTPUT_FILE_0}\"\n";
			showEnvVarsInLog = 0;
		};
/* End PBXShellScriptBuildPhase section */

/* Begin PBXSourcesBuildPhase section */
		168F4DD5234F82F600ED2AA5 /* Sources */ = {
			isa = PBXSourcesBuildPhase;
			buildActionMask = 2147483647;
			files = (
				EAE68A6223A22D170052C8BF /* ZCCacheManager.m in Sources */,
				EAE68A6523A22D170052C8BF /* ZCMainSearchTableViewCell.m in Sources */,
				EAE68A7123A22D170052C8BF /* ZCStartUpCommandsBuilder.m in Sources */,
				EAE68A5B23A22D170052C8BF /* UIViewController+ZCTopViewController.m in Sources */,
				EAE68A5C23A22D170052C8BF /* ZCChatViewController.m in Sources */,
				EAE68A5723A22D170052C8BF /* ZCNetworkRequest.m in Sources */,
				EAE68A5423A22D170052C8BF /* UIImageView+ZCImageCache.m in Sources */,
				EAE68A6C23A22D170052C8BF /* ZCBaseTableViewCell.m in Sources */,
				EAE68A5323A22D170052C8BF /* NSString+ZCBaseUrlString.m in Sources */,
				EAE68A5623A22D170052C8BF /* TVDataSource.m in Sources */,
				EAE68A5F23A22D170052C8BF /* ViewController.m in Sources */,
				EAE68A5823A22D170052C8BF /* NSArray+HYBUnicodeReadable.m in Sources */,
				EAE68A6A23A22D170052C8BF /* ZCSearchResultViewController.m in Sources */,
				EAE68A6F23A22D170052C8BF /* ZCNavigationController.m in Sources */,
				EAE68A6323A22D170052C8BF /* ZCSearchAPI.m in Sources */,
				EAE68A5D23A22D170052C8BF /* ZCChatHeaderView.m in Sources */,
				EAE68A7023A22D170052C8BF /* ZCAppDelegateCommandRefreshToken.m in Sources */,
				EAE68A7223A22D170052C8BF /* AppDelegate.m in Sources */,
				EAE68A6423A22D170052C8BF /* ZDSearchPersonModel.m in Sources */,
				EAE68A7323A22D170052C8BF /* ZCLoginApi.m in Sources */,
				EAE68A6D23A22D170052C8BF /* ZCBaseTableView.m in Sources */,
				EAE68A5523A22D170052C8BF /* ZCOwnerInfoManager.m in Sources */,
				EAE68A6723A22D170052C8BF /* ZCMainSearchPresentor.m in Sources */,
				EAE68A6623A22D170052C8BF /* ZCMainSearchTableView.m in Sources */,
				EAE68A5923A22D170052C8BF /* NSDictionary+HYBUnicodeReadable.m in Sources */,
				EAE68A6E23A22D170052C8BF /* ZCTabBarViewController.m in Sources */,
				EAE68A6823A22D170052C8BF /* ZCMainSearchDataSource.m in Sources */,
				EAE68A6923A22D170052C8BF /* ZCMainSearchViewController.m in Sources */,
				EAE68A6B23A22D170052C8BF /* main.m in Sources */,
				EAE68A5A23A22D170052C8BF /* NSSet+HYBUnicodeReadable.m in Sources */,
			);
			runOnlyForDeploymentPostprocessing = 0;
		};
		168F4DED234F82F700ED2AA5 /* Sources */ = {
			isa = PBXSourcesBuildPhase;
			buildActionMask = 2147483647;
			files = (
			);
			runOnlyForDeploymentPostprocessing = 0;
		};
		168F4DF8234F82F700ED2AA5 /* Sources */ = {
			isa = PBXSourcesBuildPhase;
			buildActionMask = 2147483647;
			files = (
			);
			runOnlyForDeploymentPostprocessing = 0;
		};
/* End PBXSourcesBuildPhase section */

/* Begin PBXTargetDependency section */
		168F4DF3234F82F700ED2AA5 /* PBXTargetDependency */ = {
			isa = PBXTargetDependency;
			target = 168F4DD8234F82F600ED2AA5 /* ZChat */;
			targetProxy = 168F4DF2234F82F700ED2AA5 /* PBXContainerItemProxy */;
		};
		168F4DFE234F82F700ED2AA5 /* PBXTargetDependency */ = {
			isa = PBXTargetDependency;
			target = 168F4DD8234F82F600ED2AA5 /* ZChat */;
			targetProxy = 168F4DFD234F82F700ED2AA5 /* PBXContainerItemProxy */;
		};
/* End PBXTargetDependency section */

/* Begin PBXVariantGroup section */
		EAE68A2123A22D170052C8BF /* LaunchScreen.storyboard */ = {
			isa = PBXVariantGroup;
			children = (
				EAE68A2223A22D170052C8BF /* Base */,
			);
			name = LaunchScreen.storyboard;
			sourceTree = "<group>";
		};
		EAE68A2323A22D170052C8BF /* Main.storyboard */ = {
			isa = PBXVariantGroup;
			children = (
				EAE68A2423A22D170052C8BF /* Base */,
			);
			name = Main.storyboard;
			sourceTree = "<group>";
		};
/* End PBXVariantGroup section */

/* Begin XCBuildConfiguration section */
		168F4E03234F82F700ED2AA5 /* Debug */ = {
			isa = XCBuildConfiguration;
			buildSettings = {
				ALWAYS_SEARCH_USER_PATHS = NO;
				CLANG_ANALYZER_NONNULL = YES;
				CLANG_ANALYZER_NUMBER_OBJECT_CONVERSION = YES_AGGRESSIVE;
				CLANG_CXX_LANGUAGE_STANDARD = "gnu++14";
				CLANG_CXX_LIBRARY = "libc++";
				CLANG_ENABLE_MODULES = YES;
				CLANG_ENABLE_OBJC_ARC = YES;
				CLANG_ENABLE_OBJC_WEAK = YES;
				CLANG_WARN_BLOCK_CAPTURE_AUTORELEASING = YES;
				CLANG_WARN_BOOL_CONVERSION = YES;
				CLANG_WARN_COMMA = YES;
				CLANG_WARN_CONSTANT_CONVERSION = YES;
				CLANG_WARN_DEPRECATED_OBJC_IMPLEMENTATIONS = YES;
				CLANG_WARN_DIRECT_OBJC_ISA_USAGE = YES_ERROR;
				CLANG_WARN_DOCUMENTATION_COMMENTS = YES;
				CLANG_WARN_EMPTY_BODY = YES;
				CLANG_WARN_ENUM_CONVERSION = YES;
				CLANG_WARN_INFINITE_RECURSION = YES;
				CLANG_WARN_INT_CONVERSION = YES;
				CLANG_WARN_NON_LITERAL_NULL_CONVERSION = YES;
				CLANG_WARN_OBJC_IMPLICIT_RETAIN_SELF = YES;
				CLANG_WARN_OBJC_LITERAL_CONVERSION = YES;
				CLANG_WARN_OBJC_ROOT_CLASS = YES_ERROR;
				CLANG_WARN_RANGE_LOOP_ANALYSIS = YES;
				CLANG_WARN_STRICT_PROTOTYPES = YES;
				CLANG_WARN_SUSPICIOUS_MOVE = YES;
				CLANG_WARN_UNGUARDED_AVAILABILITY = YES_AGGRESSIVE;
				CLANG_WARN_UNREACHABLE_CODE = YES;
				CLANG_WARN__DUPLICATE_METHOD_MATCH = YES;
				CODE_SIGN_IDENTITY = "iPhone Developer";
				COPY_PHASE_STRIP = NO;
				DEBUG_INFORMATION_FORMAT = dwarf;
				ENABLE_STRICT_OBJC_MSGSEND = YES;
				ENABLE_TESTABILITY = YES;
				GCC_C_LANGUAGE_STANDARD = gnu11;
				GCC_DYNAMIC_NO_PIC = NO;
				GCC_NO_COMMON_BLOCKS = YES;
				GCC_OPTIMIZATION_LEVEL = 0;
				GCC_PREPROCESSOR_DEFINITIONS = (
					"DEBUG=1",
					"$(inherited)",
				);
				GCC_WARN_64_TO_32_BIT_CONVERSION = YES;
				GCC_WARN_ABOUT_RETURN_TYPE = YES_ERROR;
				GCC_WARN_UNDECLARED_SELECTOR = YES;
				GCC_WARN_UNINITIALIZED_AUTOS = YES_AGGRESSIVE;
				GCC_WARN_UNUSED_FUNCTION = YES;
				GCC_WARN_UNUSED_VARIABLE = YES;
				IPHONEOS_DEPLOYMENT_TARGET = 12.4;
				MTL_ENABLE_DEBUG_INFO = INCLUDE_SOURCE;
				MTL_FAST_MATH = YES;
				ONLY_ACTIVE_ARCH = YES;
				SDKROOT = iphoneos;
			};
			name = Debug;
		};
		168F4E04234F82F700ED2AA5 /* Release */ = {
			isa = XCBuildConfiguration;
			buildSettings = {
				ALWAYS_SEARCH_USER_PATHS = NO;
				CLANG_ANALYZER_NONNULL = YES;
				CLANG_ANALYZER_NUMBER_OBJECT_CONVERSION = YES_AGGRESSIVE;
				CLANG_CXX_LANGUAGE_STANDARD = "gnu++14";
				CLANG_CXX_LIBRARY = "libc++";
				CLANG_ENABLE_MODULES = YES;
				CLANG_ENABLE_OBJC_ARC = YES;
				CLANG_ENABLE_OBJC_WEAK = YES;
				CLANG_WARN_BLOCK_CAPTURE_AUTORELEASING = YES;
				CLANG_WARN_BOOL_CONVERSION = YES;
				CLANG_WARN_COMMA = YES;
				CLANG_WARN_CONSTANT_CONVERSION = YES;
				CLANG_WARN_DEPRECATED_OBJC_IMPLEMENTATIONS = YES;
				CLANG_WARN_DIRECT_OBJC_ISA_USAGE = YES_ERROR;
				CLANG_WARN_DOCUMENTATION_COMMENTS = YES;
				CLANG_WARN_EMPTY_BODY = YES;
				CLANG_WARN_ENUM_CONVERSION = YES;
				CLANG_WARN_INFINITE_RECURSION = YES;
				CLANG_WARN_INT_CONVERSION = YES;
				CLANG_WARN_NON_LITERAL_NULL_CONVERSION = YES;
				CLANG_WARN_OBJC_IMPLICIT_RETAIN_SELF = YES;
				CLANG_WARN_OBJC_LITERAL_CONVERSION = YES;
				CLANG_WARN_OBJC_ROOT_CLASS = YES_ERROR;
				CLANG_WARN_RANGE_LOOP_ANALYSIS = YES;
				CLANG_WARN_STRICT_PROTOTYPES = YES;
				CLANG_WARN_SUSPICIOUS_MOVE = YES;
				CLANG_WARN_UNGUARDED_AVAILABILITY = YES_AGGRESSIVE;
				CLANG_WARN_UNREACHABLE_CODE = YES;
				CLANG_WARN__DUPLICATE_METHOD_MATCH = YES;
				CODE_SIGN_IDENTITY = "iPhone Developer";
				COPY_PHASE_STRIP = NO;
				DEBUG_INFORMATION_FORMAT = "dwarf-with-dsym";
				ENABLE_NS_ASSERTIONS = NO;
				ENABLE_STRICT_OBJC_MSGSEND = YES;
				GCC_C_LANGUAGE_STANDARD = gnu11;
				GCC_NO_COMMON_BLOCKS = YES;
				GCC_WARN_64_TO_32_BIT_CONVERSION = YES;
				GCC_WARN_ABOUT_RETURN_TYPE = YES_ERROR;
				GCC_WARN_UNDECLARED_SELECTOR = YES;
				GCC_WARN_UNINITIALIZED_AUTOS = YES_AGGRESSIVE;
				GCC_WARN_UNUSED_FUNCTION = YES;
				GCC_WARN_UNUSED_VARIABLE = YES;
				IPHONEOS_DEPLOYMENT_TARGET = 12.4;
				MTL_ENABLE_DEBUG_INFO = NO;
				MTL_FAST_MATH = YES;
				SDKROOT = iphoneos;
				VALIDATE_PRODUCT = YES;
			};
			name = Release;
		};
		168F4E06234F82F700ED2AA5 /* Debug */ = {
			isa = XCBuildConfiguration;
			baseConfigurationReference = 2EEB3E5D757B792E15B64F5B /* Pods-ZChat.debug.xcconfig */;
			buildSettings = {
				ASSETCATALOG_COMPILER_APPICON_NAME = AppIcon;
				CODE_SIGN_STYLE = Automatic;
				GCC_PREFIX_HEADER = ZChat/Main/PrefixHeader.pch;
				INFOPLIST_FILE = ZChat/Info.plist;
				LD_RUNPATH_SEARCH_PATHS = (
					"$(inherited)",
					"@executable_path/Frameworks",
				);
				PRODUCT_BUNDLE_IDENTIFIER = XKQ.ZChat;
				PRODUCT_NAME = "$(TARGET_NAME)";
				TARGETED_DEVICE_FAMILY = "1,2";
			};
			name = Debug;
		};
		168F4E07234F82F700ED2AA5 /* Release */ = {
			isa = XCBuildConfiguration;
			baseConfigurationReference = CDB741FA694BCCB2E64AB157 /* Pods-ZChat.release.xcconfig */;
			buildSettings = {
				ASSETCATALOG_COMPILER_APPICON_NAME = AppIcon;
				CODE_SIGN_STYLE = Automatic;
				GCC_PREFIX_HEADER = ZChat/Main/PrefixHeader.pch;
				INFOPLIST_FILE = ZChat/Info.plist;
				LD_RUNPATH_SEARCH_PATHS = (
					"$(inherited)",
					"@executable_path/Frameworks",
				);
				PRODUCT_BUNDLE_IDENTIFIER = XKQ.ZChat;
				PRODUCT_NAME = "$(TARGET_NAME)";
				TARGETED_DEVICE_FAMILY = "1,2";
			};
			name = Release;
		};
		168F4E09234F82F700ED2AA5 /* Debug */ = {
			isa = XCBuildConfiguration;
			baseConfigurationReference = 65C92B4D6328005A91B0CCEF /* Pods-ZChatTests.debug.xcconfig */;
			buildSettings = {
				BUNDLE_LOADER = "$(TEST_HOST)";
				CODE_SIGN_STYLE = Automatic;
				INFOPLIST_FILE = ZChatTests/Info.plist;
				LD_RUNPATH_SEARCH_PATHS = (
					"$(inherited)",
					"@executable_path/Frameworks",
					"@loader_path/Frameworks",
				);
				PRODUCT_BUNDLE_IDENTIFIER = XKQ.ZChatTests;
				PRODUCT_NAME = "$(TARGET_NAME)";
				TARGETED_DEVICE_FAMILY = "1,2";
				TEST_HOST = "$(BUILT_PRODUCTS_DIR)/ZChat.app/ZChat";
			};
			name = Debug;
		};
		168F4E0A234F82F700ED2AA5 /* Release */ = {
			isa = XCBuildConfiguration;
			baseConfigurationReference = D4417952F9128C3FD50D93BE /* Pods-ZChatTests.release.xcconfig */;
			buildSettings = {
				BUNDLE_LOADER = "$(TEST_HOST)";
				CODE_SIGN_STYLE = Automatic;
				INFOPLIST_FILE = ZChatTests/Info.plist;
				LD_RUNPATH_SEARCH_PATHS = (
					"$(inherited)",
					"@executable_path/Frameworks",
					"@loader_path/Frameworks",
				);
				PRODUCT_BUNDLE_IDENTIFIER = XKQ.ZChatTests;
				PRODUCT_NAME = "$(TARGET_NAME)";
				TARGETED_DEVICE_FAMILY = "1,2";
				TEST_HOST = "$(BUILT_PRODUCTS_DIR)/ZChat.app/ZChat";
			};
			name = Release;
		};
		168F4E0C234F82F700ED2AA5 /* Debug */ = {
			isa = XCBuildConfiguration;
			baseConfigurationReference = D32ED432C1C3DC2F86BF71EF /* Pods-ZChatUITests.debug.xcconfig */;
			buildSettings = {
				CODE_SIGN_STYLE = Automatic;
				INFOPLIST_FILE = ZChatUITests/Info.plist;
				LD_RUNPATH_SEARCH_PATHS = (
					"$(inherited)",
					"@executable_path/Frameworks",
					"@loader_path/Frameworks",
				);
				PRODUCT_BUNDLE_IDENTIFIER = XKQ.ZChatUITests;
				PRODUCT_NAME = "$(TARGET_NAME)";
				TARGETED_DEVICE_FAMILY = "1,2";
				TEST_TARGET_NAME = ZChat;
			};
			name = Debug;
		};
		168F4E0D234F82F700ED2AA5 /* Release */ = {
			isa = XCBuildConfiguration;
			baseConfigurationReference = D9457B486EC33A3C14B49EC8 /* Pods-ZChatUITests.release.xcconfig */;
			buildSettings = {
				CODE_SIGN_STYLE = Automatic;
				INFOPLIST_FILE = ZChatUITests/Info.plist;
				LD_RUNPATH_SEARCH_PATHS = (
					"$(inherited)",
					"@executable_path/Frameworks",
					"@loader_path/Frameworks",
				);
				PRODUCT_BUNDLE_IDENTIFIER = XKQ.ZChatUITests;
				PRODUCT_NAME = "$(TARGET_NAME)";
				TARGETED_DEVICE_FAMILY = "1,2";
				TEST_TARGET_NAME = ZChat;
			};
			name = Release;
		};
/* End XCBuildConfiguration section */

/* Begin XCConfigurationList section */
		168F4DD4234F82F600ED2AA5 /* Build configuration list for PBXProject "ZChat" */ = {
			isa = XCConfigurationList;
			buildConfigurations = (
				168F4E03234F82F700ED2AA5 /* Debug */,
				168F4E04234F82F700ED2AA5 /* Release */,
			);
			defaultConfigurationIsVisible = 0;
			defaultConfigurationName = Release;
		};
		168F4E05234F82F700ED2AA5 /* Build configuration list for PBXNativeTarget "ZChat" */ = {
			isa = XCConfigurationList;
			buildConfigurations = (
				168F4E06234F82F700ED2AA5 /* Debug */,
				168F4E07234F82F700ED2AA5 /* Release */,
			);
			defaultConfigurationIsVisible = 0;
			defaultConfigurationName = Release;
		};
		168F4E08234F82F700ED2AA5 /* Build configuration list for PBXNativeTarget "ZChatTests" */ = {
			isa = XCConfigurationList;
			buildConfigurations = (
				168F4E09234F82F700ED2AA5 /* Debug */,
				168F4E0A234F82F700ED2AA5 /* Release */,
			);
			defaultConfigurationIsVisible = 0;
			defaultConfigurationName = Release;
		};
		168F4E0B234F82F700ED2AA5 /* Build configuration list for PBXNativeTarget "ZChatUITests" */ = {
			isa = XCConfigurationList;
			buildConfigurations = (
				168F4E0C234F82F700ED2AA5 /* Debug */,
				168F4E0D234F82F700ED2AA5 /* Release */,
			);
			defaultConfigurationIsVisible = 0;
			defaultConfigurationName = Release;
		};
/* End XCConfigurationList section */
	};
	rootObject = 168F4DD1234F82F600ED2AA5 /* Project object */;
}
